{
  "name": "optimizely-cloudflare-worker-template",
  "version": "0.1.0",
  "lockfileVersion": 1,
  "requires": true,
  "dependencies": {
    "@optimizely/js-sdk-datafile-manager": {
      "version": "0.9.4",
      "resolved": "https://registry.npmjs.org/@optimizely/js-sdk-datafile-manager/-/js-sdk-datafile-manager-0.9.4.tgz",
      "integrity": "sha512-963NZtcN2mxuLxeSNPZuTLozc0odX3G56DiNBlDGFECelYoLpvXmars9PwmSQ//oJR6EOincHTvvychnxwKLjQ==",
      "requires": {
        "@optimizely/js-sdk-logging": "^0.3.1",
        "@optimizely/js-sdk-utils": "^0.4.0",
        "decompress-response": "^4.2.1"
      }
    },
    "@optimizely/js-sdk-event-processor": {
      "version": "0.9.5",
      "resolved": "https://registry.npmjs.org/@optimizely/js-sdk-event-processor/-/js-sdk-event-processor-0.9.5.tgz",
      "integrity": "sha512-g5zqAjJuexxgbNvn7dacFkQXQxH3+OtjELfmSswvhxP9EHkyNR0ZdQF/kBxFxr335F2/RRPvAJ9tQBPkwaBg8g==",
      "requires": {
        "@optimizely/js-sdk-logging": "^0.3.1",
        "@optimizely/js-sdk-utils": "^0.4.0"
      }
    },
    "@optimizely/js-sdk-logging": {
      "version": "0.3.1",
      "resolved": "https://registry.npmjs.org/@optimizely/js-sdk-logging/-/js-sdk-logging-0.3.1.tgz",
      "integrity": "sha512-K71Jf283FP0E4oXehcXTTM3gvgHZHr7FUrIsw//0mdJlotHJT4Nss4hE0CWPbBxO7LJAtwNnO+VIA/YOcO4vHg==",
      "requires": {
        "@optimizely/js-sdk-utils": "^0.4.0"
      }
    },
    "@optimizely/js-sdk-utils": {
      "version": "0.4.0",
      "resolved": "https://registry.npmjs.org/@optimizely/js-sdk-utils/-/js-sdk-utils-0.4.0.tgz",
      "integrity": "sha512-QG2oytnITW+VKTJK+l0RxjaS5VrA6W+AZMzpeg4LCB4Rn4BEKtF+EcW/5S1fBDLAviGq/0TLpkjM3DlFkJ9/Gw==",
      "requires": {
        "uuid": "^3.3.2"
      }
    },
    "@optimizely/optimizely-sdk": {
      "version": "4.9.1",
      "resolved": "https://registry.npmjs.org/@optimizely/optimizely-sdk/-/optimizely-sdk-4.9.1.tgz",
      "integrity": "sha512-BHwoXONZKOBI2DyXBc8gsYgPgGltCO42/11iFFc4oOnZFkR2UwO7PI2S7oeE2SN168ObTNhmEaJWgenIJuE00A==",
      "requires": {
        "@optimizely/js-sdk-datafile-manager": "^0.9.1",
        "@optimizely/js-sdk-event-processor": "^0.9.2",
        "@optimizely/js-sdk-logging": "^0.3.1",
        "@optimizely/js-sdk-utils": "^0.4.0",
        "json-schema": "^0.4.0",
        "murmurhash": "0.0.2"
      }
    },
    "cookie": {
      "version": "0.4.2",
      "resolved": "https://registry.npmjs.org/cookie/-/cookie-0.4.2.tgz",
      "integrity": "sha512-aSWTXFzaKWkvHO1Ny/s+ePFpvKsPnjc551iI41v3ny/ow6tBG5Vd+FuqGNhh1LxOmVzOlGUriIlOaokOvhaStA=="
    },
    "decompress-response": {
      "version": "4.2.1",
      "resolved": "https://registry.npmjs.org/decompress-response/-/decompress-response-4.2.1.tgz",
      "integrity": "sha512-jOSne2qbyE+/r8G1VU+G/82LBs2Fs4LAsTiLSHOCOMZQl2OKZ6i8i4IyHemTe+/yIXOtTcRQMzPcgyhoFlqPkw==",
      "requires": {
        "mimic-response": "^2.0.0"
      }
    },
    "json-schema": {
      "version": "0.4.0",
      "resolved": "https://registry.npmjs.org/json-schema/-/json-schema-0.4.0.tgz",
      "integrity": "sha512-es94M3nTIfsEPisRafak+HDLfHXnKBhV3vU5eqPcS3flIWqcxJWgXHXiey3YrpaNsanY5ei1VoYEbOzijuq9BA=="
    },
    "mimic-response": {
      "version": "2.1.0",
      "resolved": "https://registry.npmjs.org/mimic-response/-/mimic-response-2.1.0.tgz",
      "integrity": "sha512-wXqjST+SLt7R009ySCglWBCFpjUygmCIfD790/kVbiGmUgfYGuB14PiTd5DwVxSV4NcYHjzMkoj5LjQZwTQLEA=="
    },
    "murmurhash": {
      "version": "0.0.2",
      "resolved": "https://registry.npmjs.org/murmurhash/-/murmurhash-0.0.2.tgz",
      "integrity": "sha1-bwe9ihEF5wnCb8iUIMtZMMJFhf4="
    },
    "prettier": {
      "version": "1.19.1",
      "resolved": "https://registry.npmjs.org/prettier/-/prettier-1.19.1.tgz",
      "integrity": "sha512-s7PoyDv/II1ObgQunCbB9PdLmUcBZcnWOcxDh7O0N/UwDEsHyqkW+Qh28jW+mVuCdx7gLB0BotYI1Y6uI9iyew==",
      "dev": true
    },
    "uuid": {
      "version": "3.4.0",
      "resolved": "https://registry.npmjs.org/uuid/-/uuid-3.4.0.tgz",
      "integrity": "sha512-HjSDRw6gZE5JMggctHBcjVak08+KEVhSIiDzFnT9S9aegmp85S/bReBVTb4QTFaRNptJ9kuYaNhnbNEOkbKb/A=="
    }
  }
}
